
Microsoft Visual Studio Solution File, Format Version 12.00
# Visual Studio Version 17
VisualStudioVersion = 17.4.33213.308
MinimumVisualStudioVersion = 10.0.40219.1
Project("{9A19103F-16F7-4668-BE54-9A1E7A4F7556}") = "WarehouseProject", "Warehouse\WarehouseProject.csproj", "{BB325F43-C1E0-466D-AF88-D188E1BE2A91}"
EndProject
Project("{FAE04EC0-301F-11D3-BF4B-00C04F79EFBC}") = "DataAccess", "DataAccess\DataAccess.csproj", "{BD7896DD-F761-438B-AF45-5A0492EE354F}"
EndProject
Global
	GlobalSection(SolutionConfigurationPlatforms) = preSolution
		Debug|Any CPU = Debug|Any CPU
		Release|Any CPU = Release|Any CPU
	EndGlobalSection
	GlobalSection(ProjectConfigurationPlatforms) = postSolution
		{BB325F43-C1E0-466D-AF88-D188E1BE2A91}.Debug|Any CPU.ActiveCfg = Debug|Any CPU
		{BB325F43-C1E0-466D-AF88-D188E1BE2A91}.Debug|Any CPU.Build.0 = Debug|Any CPU
		{BB325F43-C1E0-466D-AF88-D188E1BE2A91}.Release|Any CPU.ActiveCfg = Release|Any CPU
		{BB325F43-C1E0-466D-AF88-D188E1BE2A91}.Release|Any CPU.Build.0 = Release|Any CPU
		{BD7896DD-F761-438B-AF45-5A0492EE354F}.Debug|Any CPU.ActiveCfg = Debug|Any CPU
		{BD7896DD-F761-438B-AF45-5A0492EE354F}.Debug|Any CPU.Build.0 = Debug|Any CPU
		{BD7896DD-F761-438B-AF45-5A0492EE354F}.Release|Any CPU.ActiveCfg = Release|Any CPU
		{BD7896DD-F761-438B-AF45-5A0492EE354F}.Release|Any CPU.Build.0 = Release|Any CPU
	EndGlobalSection
	GlobalSection(SolutionProperties) = preSolution
		HideSolutionNode = FALSE
	EndGlobalSection
	GlobalSection(ExtensibilityGlobals) = postSolution
		SolutionGuid = {79A9BC6E-892D-4E1C-AE29-05CD5C4FB684}
	EndGlobalSection
EndGlobal
